
Microsoft Visual Studio Solution File, Format Version 12.00
# Visual Studio Version 17
VisualStudioVersion = 17.2.32505.173
MinimumVisualStudioVersion = 10.0.40219.1
Project("{FAE04EC0-301F-11D3-BF4B-00C04F79EFBC}") = "Viewbeg and view data", "Viewbeg and view data\Viewbeg and view data.csproj", "{6B6FE8D9-4645-4A95-B85D-230426D2AE15}"
EndProject
Global
	GlobalSection(SolutionConfigurationPlatforms) = preSolution
		Debug|Any CPU = Debug|Any CPU
		Release|Any CPU = Release|Any CPU
	EndGlobalSection
	GlobalSection(ProjectConfigurationPlatforms) = postSolution
		{6B6FE8D9-4645-4A95-B85D-230426D2AE15}.Debug|Any CPU.ActiveCfg = Debug|Any CPU
		{6B6FE8D9-4645-4A95-B85D-230426D2AE15}.Debug|Any CPU.Build.0 = Debug|Any CPU
		{6B6FE8D9-4645-4A95-B85D-230426D2AE15}.Release|Any CPU.ActiveCfg = Release|Any CPU
		{6B6FE8D9-4645-4A95-B85D-230426D2AE15}.Release|Any CPU.Build.0 = Release|Any CPU
	EndGlobalSection
	GlobalSection(SolutionProperties) = preSolution
		HideSolutionNode = FALSE
	EndGlobalSection
	GlobalSection(ExtensibilityGlobals) = postSolution
		SolutionGuid = {B8BC6EDA-EF2D-4EF7-A87B-8843148F3B64}
	EndGlobalSection
EndGlobal
